{
    "name": "ol-magic-wand",
    "version": "1.0.5",
    "lockfileVersion": 1,
    "requires": true,
    "dependencies": {
        "@openlayers/pepjs": {
            "version": "0.5.3",
            "resolved": "https://registry.npmjs.org/@openlayers/pepjs/-/pepjs-0.5.3.tgz",
            "integrity": "sha512-Bgvi5c14BS0FJWyYWWFstNEnXsB30nK8Jt8hkAAdqr7E0gDdBBWVDglF3Ub19wTxvgJ/CVHyTY6VuCtnyRzglg=="
        },
        "@types/estree": {
            "version": "0.0.40",
            "resolved": "https://registry.npmjs.org/@types/estree/-/estree-0.0.40.tgz",
            "integrity": "sha512-p3KZgMto/JyxosKGmnLDJ/dG5wf+qTRMUjHJcspC2oQKa4jP7mz+tv0ND56lLBu3ojHlhzY33Ol+khLyNmilkA==",
            "dev": true
        },
        "@types/node": {
            "version": "12.12.21",
            "resolved": "https://registry.npmjs.org/@types/node/-/node-12.12.21.tgz",
            "integrity": "sha512-8sRGhbpU+ck1n0PGAUgVrWrWdjSW2aqNeyC15W88GRsMpSwzv6RJGlLhE7s2RhVSOdyDmxbqlWSeThq4/7xqlA==",
            "dev": true
        },
        "ieee754": {
            "version": "1.1.13",
            "resolved": "https://registry.npmjs.org/ieee754/-/ieee754-1.1.13.tgz",
            "integrity": "sha512-4vf7I2LYV/HaWerSo3XmlMkp5eZ83i+/CDluXi/IGTs/O1sejBNhTtnxzmRZfvOUqj7lZjqHkeTvpgSFDlWZTg=="
        },
        "magic-wand-tool": {
            "version": "1.1.4",
            "resolved": "https://registry.npmjs.org/magic-wand-tool/-/magic-wand-tool-1.1.4.tgz",
            "integrity": "sha512-YFKKugXT7+QEh9NLwvQaIA1qWqBYA9fPAJtCeSiPp2JakZdExtJDKiS6Vm6Jz/iqOiAYuY9H/+yVzNFKEBmEFw=="
        },
        "ol": {
            "version": "6.1.1",
            "resolved": "https://registry.npmjs.org/ol/-/ol-6.1.1.tgz",
            "integrity": "sha512-0dL3i3eJqgOpqIjDKEY3grkeQnjAYfV5L/JCxhOu4SxiaizRwFrFgeas6LILRoxKa03jhQFbut2r2bbgcLGQeA==",
            "requires": {
                "@openlayers/pepjs": "^0.5.3",
                "pbf": "3.2.1",
                "pixelworks": "1.1.0",
                "rbush": "^3.0.1"
            }
        },
        "pbf": {
            "version": "3.2.1",
            "resolved": "https://registry.npmjs.org/pbf/-/pbf-3.2.1.tgz",
            "integrity": "sha512-ClrV7pNOn7rtmoQVF4TS1vyU0WhYRnP92fzbfF75jAIwpnzdJXf8iTd4CMEqO4yUenH6NDqLiwjqlh6QgZzgLQ==",
            "requires": {
                "ieee754": "^1.1.12",
                "resolve-protobuf-schema": "^2.1.0"
            }
        },
        "pixelworks": {
            "version": "1.1.0",
            "resolved": "https://registry.npmjs.org/pixelworks/-/pixelworks-1.1.0.tgz",
            "integrity": "sha1-Hwla1I3Ki/ihyCWOAJIDGkTyLKU="
        },
        "protocol-buffers-schema": {
            "version": "3.3.2",
            "resolved": "https://registry.npmjs.org/protocol-buffers-schema/-/protocol-buffers-schema-3.3.2.tgz",
            "integrity": "sha512-Xdayp8sB/mU+sUV4G7ws8xtYMGdQnxbeIfLjyO9TZZRJdztBGhlmbI5x1qcY4TG5hBkIKGnc28i7nXxaugu88w=="
        },
        "quickselect": {
            "version": "2.0.0",
            "resolved": "https://registry.npmjs.org/quickselect/-/quickselect-2.0.0.tgz",
            "integrity": "sha512-RKJ22hX8mHe3Y6wH/N3wCM6BWtjaxIyyUIkpHOvfFnxdI4yD4tBXEBKSbriGujF6jnSVkJrffuo6vxACiSSxIw=="
        },
        "rbush": {
            "version": "3.0.1",
            "resolved": "https://registry.npmjs.org/rbush/-/rbush-3.0.1.tgz",
            "integrity": "sha512-XRaVO0YecOpEuIvbhbpTrZgoiI6xBlz6hnlr6EHhd+0x9ase6EmeN+hdwwUaJvLcsFFQ8iWVF1GAK1yB0BWi0w==",
            "requires": {
                "quickselect": "^2.0.0"
            }
        },
        "resolve-protobuf-schema": {
            "version": "2.1.0",
            "resolved": "https://registry.npmjs.org/resolve-protobuf-schema/-/resolve-protobuf-schema-2.1.0.tgz",
            "integrity": "sha512-kI5ffTiZWmJaS/huM8wZfEMer1eRd7oJQhDuxeCLe3t7N7mX3z94CN0xPxBQxFYQTSNz9T0i+v6inKqSdK8xrQ==",
            "requires": {
                "protocol-buffers-schema": "^3.3.1"
            }
        },
        "rollup": {
            "version": "1.27.13",
            "resolved": "https://registry.npmjs.org/rollup/-/rollup-1.27.13.tgz",
            "integrity": "sha512-hDi7M07MpmNSDE8YVwGVFA8L7n8jTLJ4lG65nMAijAyqBe//rtu4JdxjUBE7JqXfdpqxqDTbCDys9WcqdpsQvw==",
            "dev": true,
            "requires": {
                "@types/estree": "*",
                "@types/node": "*",
                "acorn": "^7.1.0"
            },
            "dependencies": {
                "acorn": {
                    "version": "7.1.0",
                    "resolved": "https://registry.npmjs.org/acorn/-/acorn-7.1.0.tgz",
                    "integrity": "sha512-kL5CuoXA/dgxlBbVrflsflzQ3PAas7RYZB52NOm/6839iVYJgKMJ3cQJD+t2i5+qFa8h3MDpEOJiS64E8JLnSQ==",
                    "dev": true
                }
            }
        }
    }
}
